
Microsoft Visual Studio Solution File, Format Version 12.00
# Visual Studio 15
VisualStudioVersion = 15.0.27428.1
MinimumVisualStudioVersion = 10.0.40219.1
Project("{FAE04EC0-301F-11D3-BF4B-00C04F79EFBC}") = "TCPClient", "TCPClient\TCPClient.csproj", "{7C92021E-2DCF-47A1-BC58-546E417AAF64}"
EndProject
Project("{FAE04EC0-301F-11D3-BF4B-00C04F79EFBC}") = "TCPServer", "TCPServer\TCPServer.csproj", "{C80397B0-8C5B-421D-AB27-8CC58C429156}"
EndProject
Project("{FAE04EC0-301F-11D3-BF4B-00C04F79EFBC}") = "NateBasicTCP.Utils", "NateBasicTCP.Utils\NateBasicTCP.Utils.csproj", "{2047D224-2A3F-4BCB-80E9-53B14B1F19B7}"
EndProject
Global
	GlobalSection(SolutionConfigurationPlatforms) = preSolution
		Debug|Any CPU = Debug|Any CPU
		Release|Any CPU = Release|Any CPU
	EndGlobalSection
	GlobalSection(ProjectConfigurationPlatforms) = postSolution
		{7C92021E-2DCF-47A1-BC58-546E417AAF64}.Debug|Any CPU.ActiveCfg = Debug|Any CPU
		{7C92021E-2DCF-47A1-BC58-546E417AAF64}.Debug|Any CPU.Build.0 = Debug|Any CPU
		{7C92021E-2DCF-47A1-BC58-546E417AAF64}.Release|Any CPU.ActiveCfg = Release|Any CPU
		{7C92021E-2DCF-47A1-BC58-546E417AAF64}.Release|Any CPU.Build.0 = Release|Any CPU
		{C80397B0-8C5B-421D-AB27-8CC58C429156}.Debug|Any CPU.ActiveCfg = Debug|Any CPU
		{C80397B0-8C5B-421D-AB27-8CC58C429156}.Debug|Any CPU.Build.0 = Debug|Any CPU
		{C80397B0-8C5B-421D-AB27-8CC58C429156}.Release|Any CPU.ActiveCfg = Release|Any CPU
		{C80397B0-8C5B-421D-AB27-8CC58C429156}.Release|Any CPU.Build.0 = Release|Any CPU
		{2047D224-2A3F-4BCB-80E9-53B14B1F19B7}.Debug|Any CPU.ActiveCfg = Debug|Any CPU
		{2047D224-2A3F-4BCB-80E9-53B14B1F19B7}.Debug|Any CPU.Build.0 = Debug|Any CPU
		{2047D224-2A3F-4BCB-80E9-53B14B1F19B7}.Release|Any CPU.ActiveCfg = Release|Any CPU
		{2047D224-2A3F-4BCB-80E9-53B14B1F19B7}.Release|Any CPU.Build.0 = Release|Any CPU
	EndGlobalSection
	GlobalSection(SolutionProperties) = preSolution
		HideSolutionNode = FALSE
	EndGlobalSection
	GlobalSection(ExtensibilityGlobals) = postSolution
		SolutionGuid = {5412AD04-EAC4-4AE3-94C2-A3ED5ACBE039}
	EndGlobalSection
EndGlobal
